# Generated for the Arrow MAX1000 (10M08SAU169C8G). Compile: ../../quartus.sh compile video_card
set_global_assignment -name FAMILY "MAX 10"
set_global_assignment -name DEVICE 10M08SAU169C8G
set_global_assignment -name TOP_LEVEL_ENTITY video_card
set_global_assignment -name PROJECT_OUTPUT_DIRECTORY output_files
set_global_assignment -name NUM_PARALLEL_PROCESSORS ALL
set_global_assignment -name INTERNAL_FLASH_UPDATE_MODE "SINGLE IMAGE WITH ERAM"
set_global_assignment -name RESERVE_ALL_UNUSED_PINS_WEAK_PULLUP "AS INPUT TRI-STATED WITH WEAK PULL-UP"
set_global_assignment -name SDC_FILE video_card.sdc
set_global_assignment -name SEARCH_PATH ../common
set_global_assignment -name VERILOG_FILE video_card.v
set_global_assignment -name VERILOG_FILE sdram_ctrl.v
set_global_assignment -name VERILOG_FILE spi_slave.v
set_global_assignment -name VERILOG_FILE cmd_parser.v
set_global_assignment -name VERILOG_FILE wfifo.v
set_global_assignment -name VERILOG_FILE ../common/pll_57m.v
set_global_assignment -name VERILOG_FILE ../common/video_timing.v
set_global_assignment -name VERILOG_FILE ../common/ntsc_encoder.v
set_global_assignment -name VERILOG_FILE ../common/test_pattern.v
set_location_assignment PIN_H6 -to CLK12M
set_instance_assignment -name IO_STANDARD "3.3-V LVTTL" -to CLK12M
set_location_assignment PIN_A8 -to LED[0]
set_instance_assignment -name IO_STANDARD "3.3-V LVTTL" -to LED[0]
set_location_assignment PIN_A9 -to LED[1]
set_instance_assignment -name IO_STANDARD "3.3-V LVTTL" -to LED[1]
set_location_assignment PIN_A11 -to LED[2]
set_instance_assignment -name IO_STANDARD "3.3-V LVTTL" -to LED[2]
set_location_assignment PIN_A10 -to LED[3]
set_instance_assignment -name IO_STANDARD "3.3-V LVTTL" -to LED[3]
set_location_assignment PIN_B10 -to LED[4]
set_instance_assignment -name IO_STANDARD "3.3-V LVTTL" -to LED[4]
set_location_assignment PIN_C9 -to LED[5]
set_instance_assignment -name IO_STANDARD "3.3-V LVTTL" -to LED[5]
set_location_assignment PIN_C10 -to LED[6]
set_instance_assignment -name IO_STANDARD "3.3-V LVTTL" -to LED[6]
set_location_assignment PIN_D8 -to LED[7]
set_instance_assignment -name IO_STANDARD "3.3-V LVTTL" -to LED[7]
set_location_assignment PIN_L12 -to DAC[0]
set_instance_assignment -name IO_STANDARD "3.3-V LVTTL" -to DAC[0]
set_location_assignment PIN_J12 -to DAC[1]
set_instance_assignment -name IO_STANDARD "3.3-V LVTTL" -to DAC[1]
set_location_assignment PIN_J13 -to DAC[2]
set_instance_assignment -name IO_STANDARD "3.3-V LVTTL" -to DAC[2]
set_location_assignment PIN_K11 -to DAC[3]
set_instance_assignment -name IO_STANDARD "3.3-V LVTTL" -to DAC[3]
set_location_assignment PIN_K12 -to DAC[4]
set_instance_assignment -name IO_STANDARD "3.3-V LVTTL" -to DAC[4]
set_location_assignment PIN_H13 -to DAC[5]
set_instance_assignment -name IO_STANDARD "3.3-V LVTTL" -to DAC[5]
set_location_assignment PIN_M9 -to SDRAM_CLK
set_instance_assignment -name IO_STANDARD "3.3-V LVTTL" -to SDRAM_CLK
set_location_assignment PIN_M8 -to SDRAM_CKE
set_instance_assignment -name IO_STANDARD "3.3-V LVTTL" -to SDRAM_CKE
set_location_assignment PIN_M4 -to SDRAM_CS_N
set_instance_assignment -name IO_STANDARD "3.3-V LVTTL" -to SDRAM_CS_N
set_location_assignment PIN_M7 -to SDRAM_RAS_N
set_instance_assignment -name IO_STANDARD "3.3-V LVTTL" -to SDRAM_RAS_N
set_location_assignment PIN_N7 -to SDRAM_CAS_N
set_instance_assignment -name IO_STANDARD "3.3-V LVTTL" -to SDRAM_CAS_N
set_location_assignment PIN_K7 -to SDRAM_WE_N
set_instance_assignment -name IO_STANDARD "3.3-V LVTTL" -to SDRAM_WE_N
set_location_assignment PIN_N6 -to SDRAM_BA[0]
set_instance_assignment -name IO_STANDARD "3.3-V LVTTL" -to SDRAM_BA[0]
set_location_assignment PIN_K8 -to SDRAM_BA[1]
set_instance_assignment -name IO_STANDARD "3.3-V LVTTL" -to SDRAM_BA[1]
set_location_assignment PIN_E9 -to SDRAM_DQM[0]
set_instance_assignment -name IO_STANDARD "3.3-V LVTTL" -to SDRAM_DQM[0]
set_location_assignment PIN_F12 -to SDRAM_DQM[1]
set_instance_assignment -name IO_STANDARD "3.3-V LVTTL" -to SDRAM_DQM[1]
set_location_assignment PIN_K6 -to SDRAM_A[0]
set_instance_assignment -name IO_STANDARD "3.3-V LVTTL" -to SDRAM_A[0]
set_location_assignment PIN_M5 -to SDRAM_A[1]
set_instance_assignment -name IO_STANDARD "3.3-V LVTTL" -to SDRAM_A[1]
set_location_assignment PIN_N5 -to SDRAM_A[2]
set_instance_assignment -name IO_STANDARD "3.3-V LVTTL" -to SDRAM_A[2]
set_location_assignment PIN_J8 -to SDRAM_A[3]
set_instance_assignment -name IO_STANDARD "3.3-V LVTTL" -to SDRAM_A[3]
set_location_assignment PIN_N10 -to SDRAM_A[4]
set_instance_assignment -name IO_STANDARD "3.3-V LVTTL" -to SDRAM_A[4]
set_location_assignment PIN_M11 -to SDRAM_A[5]
set_instance_assignment -name IO_STANDARD "3.3-V LVTTL" -to SDRAM_A[5]
set_location_assignment PIN_N9 -to SDRAM_A[6]
set_instance_assignment -name IO_STANDARD "3.3-V LVTTL" -to SDRAM_A[6]
set_location_assignment PIN_L10 -to SDRAM_A[7]
set_instance_assignment -name IO_STANDARD "3.3-V LVTTL" -to SDRAM_A[7]
set_location_assignment PIN_M13 -to SDRAM_A[8]
set_instance_assignment -name IO_STANDARD "3.3-V LVTTL" -to SDRAM_A[8]
set_location_assignment PIN_N8 -to SDRAM_A[9]
set_instance_assignment -name IO_STANDARD "3.3-V LVTTL" -to SDRAM_A[9]
set_location_assignment PIN_N4 -to SDRAM_A[10]
set_instance_assignment -name IO_STANDARD "3.3-V LVTTL" -to SDRAM_A[10]
set_location_assignment PIN_M10 -to SDRAM_A[11]
set_instance_assignment -name IO_STANDARD "3.3-V LVTTL" -to SDRAM_A[11]
set_location_assignment PIN_L11 -to SDRAM_A[12]
set_instance_assignment -name IO_STANDARD "3.3-V LVTTL" -to SDRAM_A[12]
set_location_assignment PIN_M12 -to SDRAM_A[13]
set_instance_assignment -name IO_STANDARD "3.3-V LVTTL" -to SDRAM_A[13]
set_location_assignment PIN_D11 -to SDRAM_DQ[0]
set_instance_assignment -name IO_STANDARD "3.3-V LVTTL" -to SDRAM_DQ[0]
set_location_assignment PIN_G10 -to SDRAM_DQ[1]
set_instance_assignment -name IO_STANDARD "3.3-V LVTTL" -to SDRAM_DQ[1]
set_location_assignment PIN_F10 -to SDRAM_DQ[2]
set_instance_assignment -name IO_STANDARD "3.3-V LVTTL" -to SDRAM_DQ[2]
set_location_assignment PIN_F9 -to SDRAM_DQ[3]
set_instance_assignment -name IO_STANDARD "3.3-V LVTTL" -to SDRAM_DQ[3]
set_location_assignment PIN_E10 -to SDRAM_DQ[4]
set_instance_assignment -name IO_STANDARD "3.3-V LVTTL" -to SDRAM_DQ[4]
set_location_assignment PIN_D9 -to SDRAM_DQ[5]
set_instance_assignment -name IO_STANDARD "3.3-V LVTTL" -to SDRAM_DQ[5]
set_location_assignment PIN_G9 -to SDRAM_DQ[6]
set_instance_assignment -name IO_STANDARD "3.3-V LVTTL" -to SDRAM_DQ[6]
set_location_assignment PIN_F8 -to SDRAM_DQ[7]
set_instance_assignment -name IO_STANDARD "3.3-V LVTTL" -to SDRAM_DQ[7]
set_location_assignment PIN_F13 -to SDRAM_DQ[8]
set_instance_assignment -name IO_STANDARD "3.3-V LVTTL" -to SDRAM_DQ[8]
set_location_assignment PIN_E12 -to SDRAM_DQ[9]
set_instance_assignment -name IO_STANDARD "3.3-V LVTTL" -to SDRAM_DQ[9]
set_location_assignment PIN_E13 -to SDRAM_DQ[10]
set_instance_assignment -name IO_STANDARD "3.3-V LVTTL" -to SDRAM_DQ[10]
set_location_assignment PIN_D12 -to SDRAM_DQ[11]
set_instance_assignment -name IO_STANDARD "3.3-V LVTTL" -to SDRAM_DQ[11]
set_location_assignment PIN_C12 -to SDRAM_DQ[12]
set_instance_assignment -name IO_STANDARD "3.3-V LVTTL" -to SDRAM_DQ[12]
set_location_assignment PIN_B12 -to SDRAM_DQ[13]
set_instance_assignment -name IO_STANDARD "3.3-V LVTTL" -to SDRAM_DQ[13]
set_location_assignment PIN_B13 -to SDRAM_DQ[14]
set_instance_assignment -name IO_STANDARD "3.3-V LVTTL" -to SDRAM_DQ[14]
set_location_assignment PIN_A12 -to SDRAM_DQ[15]
set_instance_assignment -name IO_STANDARD "3.3-V LVTTL" -to SDRAM_DQ[15]
set_location_assignment PIN_H4 -to SPI_MISO
set_instance_assignment -name IO_STANDARD "3.3-V LVTTL" -to SPI_MISO
set_location_assignment PIN_J1 -to FPGA_READY
set_instance_assignment -name IO_STANDARD "3.3-V LVTTL" -to FPGA_READY
set_location_assignment PIN_E6 -to USER_BTN
set_instance_assignment -name IO_STANDARD "3.3 V SCHMITT TRIGGER" -to USER_BTN
set_location_assignment PIN_H8 -to SPI_SCK
set_instance_assignment -name IO_STANDARD "3.3 V SCHMITT TRIGGER" -to SPI_SCK
set_location_assignment PIN_K10 -to SPI_MOSI
set_instance_assignment -name IO_STANDARD "3.3 V SCHMITT TRIGGER" -to SPI_MOSI
set_location_assignment PIN_H5 -to SPI_CS_N
set_instance_assignment -name IO_STANDARD "3.3 V SCHMITT TRIGGER" -to SPI_CS_N
set_instance_assignment -name CURRENT_STRENGTH_NEW "MAXIMUM CURRENT" -to DAC[0]
set_instance_assignment -name FAST_OUTPUT_REGISTER ON -to DAC[0]
set_instance_assignment -name CURRENT_STRENGTH_NEW "MAXIMUM CURRENT" -to DAC[1]
set_instance_assignment -name FAST_OUTPUT_REGISTER ON -to DAC[1]
set_instance_assignment -name CURRENT_STRENGTH_NEW "MAXIMUM CURRENT" -to DAC[2]
set_instance_assignment -name FAST_OUTPUT_REGISTER ON -to DAC[2]
set_instance_assignment -name CURRENT_STRENGTH_NEW "MAXIMUM CURRENT" -to DAC[3]
set_instance_assignment -name FAST_OUTPUT_REGISTER ON -to DAC[3]
set_instance_assignment -name CURRENT_STRENGTH_NEW "MAXIMUM CURRENT" -to DAC[4]
set_instance_assignment -name FAST_OUTPUT_REGISTER ON -to DAC[4]
set_instance_assignment -name CURRENT_STRENGTH_NEW "MAXIMUM CURRENT" -to DAC[5]
set_instance_assignment -name FAST_OUTPUT_REGISTER ON -to DAC[5]
set_instance_assignment -name FAST_OUTPUT_REGISTER ON -to SDRAM_CS_N
set_instance_assignment -name FAST_OUTPUT_REGISTER ON -to SDRAM_RAS_N
set_instance_assignment -name FAST_OUTPUT_REGISTER ON -to SDRAM_CAS_N
set_instance_assignment -name FAST_OUTPUT_REGISTER ON -to SDRAM_WE_N
set_instance_assignment -name FAST_OUTPUT_REGISTER ON -to SDRAM_BA[0]
set_instance_assignment -name FAST_OUTPUT_REGISTER ON -to SDRAM_BA[1]
set_instance_assignment -name FAST_OUTPUT_REGISTER ON -to SDRAM_DQM[0]
set_instance_assignment -name FAST_OUTPUT_REGISTER ON -to SDRAM_DQM[1]
set_instance_assignment -name FAST_OUTPUT_REGISTER ON -to SDRAM_A[0]
set_instance_assignment -name FAST_OUTPUT_REGISTER ON -to SDRAM_A[1]
set_instance_assignment -name FAST_OUTPUT_REGISTER ON -to SDRAM_A[2]
set_instance_assignment -name FAST_OUTPUT_REGISTER ON -to SDRAM_A[3]
set_instance_assignment -name FAST_OUTPUT_REGISTER ON -to SDRAM_A[4]
set_instance_assignment -name FAST_OUTPUT_REGISTER ON -to SDRAM_A[5]
set_instance_assignment -name FAST_OUTPUT_REGISTER ON -to SDRAM_A[6]
set_instance_assignment -name FAST_OUTPUT_REGISTER ON -to SDRAM_A[7]
set_instance_assignment -name FAST_OUTPUT_REGISTER ON -to SDRAM_A[8]
set_instance_assignment -name FAST_OUTPUT_REGISTER ON -to SDRAM_A[9]
set_instance_assignment -name FAST_OUTPUT_REGISTER ON -to SDRAM_A[10]
set_instance_assignment -name FAST_OUTPUT_REGISTER ON -to SDRAM_A[11]
set_instance_assignment -name FAST_OUTPUT_REGISTER ON -to SDRAM_DQ[0]
set_instance_assignment -name FAST_OUTPUT_ENABLE_REGISTER ON -to SDRAM_DQ[0]
set_instance_assignment -name FAST_INPUT_REGISTER ON -to SDRAM_DQ[0]
set_instance_assignment -name FAST_OUTPUT_REGISTER ON -to SDRAM_DQ[1]
set_instance_assignment -name FAST_OUTPUT_ENABLE_REGISTER ON -to SDRAM_DQ[1]
set_instance_assignment -name FAST_INPUT_REGISTER ON -to SDRAM_DQ[1]
set_instance_assignment -name FAST_OUTPUT_REGISTER ON -to SDRAM_DQ[2]
set_instance_assignment -name FAST_OUTPUT_ENABLE_REGISTER ON -to SDRAM_DQ[2]
set_instance_assignment -name FAST_INPUT_REGISTER ON -to SDRAM_DQ[2]
set_instance_assignment -name FAST_OUTPUT_REGISTER ON -to SDRAM_DQ[3]
set_instance_assignment -name FAST_OUTPUT_ENABLE_REGISTER ON -to SDRAM_DQ[3]
set_instance_assignment -name FAST_INPUT_REGISTER ON -to SDRAM_DQ[3]
set_instance_assignment -name FAST_OUTPUT_REGISTER ON -to SDRAM_DQ[4]
set_instance_assignment -name FAST_OUTPUT_ENABLE_REGISTER ON -to SDRAM_DQ[4]
set_instance_assignment -name FAST_INPUT_REGISTER ON -to SDRAM_DQ[4]
set_instance_assignment -name FAST_OUTPUT_REGISTER ON -to SDRAM_DQ[5]
set_instance_assignment -name FAST_OUTPUT_ENABLE_REGISTER ON -to SDRAM_DQ[5]
set_instance_assignment -name FAST_INPUT_REGISTER ON -to SDRAM_DQ[5]
set_instance_assignment -name FAST_OUTPUT_REGISTER ON -to SDRAM_DQ[6]
set_instance_assignment -name FAST_OUTPUT_ENABLE_REGISTER ON -to SDRAM_DQ[6]
set_instance_assignment -name FAST_INPUT_REGISTER ON -to SDRAM_DQ[6]
set_instance_assignment -name FAST_OUTPUT_REGISTER ON -to SDRAM_DQ[7]
set_instance_assignment -name FAST_OUTPUT_ENABLE_REGISTER ON -to SDRAM_DQ[7]
set_instance_assignment -name FAST_INPUT_REGISTER ON -to SDRAM_DQ[7]
set_instance_assignment -name FAST_OUTPUT_REGISTER ON -to SDRAM_DQ[8]
set_instance_assignment -name FAST_OUTPUT_ENABLE_REGISTER ON -to SDRAM_DQ[8]
set_instance_assignment -name FAST_INPUT_REGISTER ON -to SDRAM_DQ[8]
set_instance_assignment -name FAST_OUTPUT_REGISTER ON -to SDRAM_DQ[9]
set_instance_assignment -name FAST_OUTPUT_ENABLE_REGISTER ON -to SDRAM_DQ[9]
set_instance_assignment -name FAST_INPUT_REGISTER ON -to SDRAM_DQ[9]
set_instance_assignment -name FAST_OUTPUT_REGISTER ON -to SDRAM_DQ[10]
set_instance_assignment -name FAST_OUTPUT_ENABLE_REGISTER ON -to SDRAM_DQ[10]
set_instance_assignment -name FAST_INPUT_REGISTER ON -to SDRAM_DQ[10]
set_instance_assignment -name FAST_OUTPUT_REGISTER ON -to SDRAM_DQ[11]
set_instance_assignment -name FAST_OUTPUT_ENABLE_REGISTER ON -to SDRAM_DQ[11]
set_instance_assignment -name FAST_INPUT_REGISTER ON -to SDRAM_DQ[11]
set_instance_assignment -name FAST_OUTPUT_REGISTER ON -to SDRAM_DQ[12]
set_instance_assignment -name FAST_OUTPUT_ENABLE_REGISTER ON -to SDRAM_DQ[12]
set_instance_assignment -name FAST_INPUT_REGISTER ON -to SDRAM_DQ[12]
set_instance_assignment -name FAST_OUTPUT_REGISTER ON -to SDRAM_DQ[13]
set_instance_assignment -name FAST_OUTPUT_ENABLE_REGISTER ON -to SDRAM_DQ[13]
set_instance_assignment -name FAST_INPUT_REGISTER ON -to SDRAM_DQ[13]
set_instance_assignment -name FAST_OUTPUT_REGISTER ON -to SDRAM_DQ[14]
set_instance_assignment -name FAST_OUTPUT_ENABLE_REGISTER ON -to SDRAM_DQ[14]
set_instance_assignment -name FAST_INPUT_REGISTER ON -to SDRAM_DQ[14]
set_instance_assignment -name FAST_OUTPUT_REGISTER ON -to SDRAM_DQ[15]
set_instance_assignment -name FAST_OUTPUT_ENABLE_REGISTER ON -to SDRAM_DQ[15]
set_instance_assignment -name FAST_INPUT_REGISTER ON -to SDRAM_DQ[15]

set_global_assignment -name LAST_QUARTUS_VERSION "23.1std.1 Lite Edition"